
Microsoft Visual Studio Solution File, Format Version 12.00
# Visual Studio Version 17
VisualStudioVersion = 17.6.33417.168
MinimumVisualStudioVersion = 10.0.40219.1
Project("{9A19103F-16F7-4668-BE54-9A1E7A4F7556}") = "Microsoft.Band", "Microsoft.Band\Microsoft.Band.csproj", "{3AA68DA9-4F34-48FE-98EF-8E895A1E9E24}"
EndProject
Project("{FAE04EC0-301F-11D3-BF4B-00C04F79EFBC}") = "Microsoft.Band.Store_UAP", "Microsoft.Band.Store_UAP\Microsoft.Band.Store_UAP.csproj", "{9081FEF8-4D5A-4432-BA25-681FE88D6148}"
EndProject
Project("{FAE04EC0-301F-11D3-BF4B-00C04F79EFBC}") = "Microsoft.Band.Phone_UAP", "Microsoft.Band.Phone_UAP\Microsoft.Band.Phone_UAP.csproj", "{E6FED68E-AF68-4B62-BDC1-3AC3F3027A70}"
EndProject
Project("{9A19103F-16F7-4668-BE54-9A1E7A4F7556}") = "Microsoft.Band.Portable", "Microsoft.Band.Portable\Microsoft.Band.Portable.csproj", "{87D48005-64B1-43B7-AC76-C776312CAEA6}"
EndProject
Global
	GlobalSection(SolutionConfigurationPlatforms) = preSolution
		Debug|Any CPU = Debug|Any CPU
		Debug|ARM = Debug|ARM
		Debug|iPhone = Debug|iPhone
		Debug|iPhoneSimulator = Debug|iPhoneSimulator
		Debug|x64 = Debug|x64
		Debug|x86 = Debug|x86
		Release|Any CPU = Release|Any CPU
		Release|ARM = Release|ARM
		Release|iPhone = Release|iPhone
		Release|iPhoneSimulator = Release|iPhoneSimulator
		Release|x64 = Release|x64
		Release|x86 = Release|x86
	EndGlobalSection
	GlobalSection(ProjectConfigurationPlatforms) = postSolution
		{3AA68DA9-4F34-48FE-98EF-8E895A1E9E24}.Debug|Any CPU.ActiveCfg = Debug|Any CPU
		{3AA68DA9-4F34-48FE-98EF-8E895A1E9E24}.Debug|Any CPU.Build.0 = Debug|Any CPU
		{3AA68DA9-4F34-48FE-98EF-8E895A1E9E24}.Debug|Any CPU.Deploy.0 = Debug|Any CPU
		{3AA68DA9-4F34-48FE-98EF-8E895A1E9E24}.Debug|ARM.ActiveCfg = Debug|Any CPU
		{3AA68DA9-4F34-48FE-98EF-8E895A1E9E24}.Debug|ARM.Build.0 = Debug|Any CPU
		{3AA68DA9-4F34-48FE-98EF-8E895A1E9E24}.Debug|ARM.Deploy.0 = Debug|Any CPU
		{3AA68DA9-4F34-48FE-98EF-8E895A1E9E24}.Debug|iPhone.ActiveCfg = Debug|Any CPU
		{3AA68DA9-4F34-48FE-98EF-8E895A1E9E24}.Debug|iPhone.Build.0 = Debug|Any CPU
		{3AA68DA9-4F34-48FE-98EF-8E895A1E9E24}.Debug|iPhone.Deploy.0 = Debug|Any CPU
		{3AA68DA9-4F34-48FE-98EF-8E895A1E9E24}.Debug|iPhoneSimulator.ActiveCfg = Debug|Any CPU
		{3AA68DA9-4F34-48FE-98EF-8E895A1E9E24}.Debug|iPhoneSimulator.Build.0 = Debug|Any CPU
		{3AA68DA9-4F34-48FE-98EF-8E895A1E9E24}.Debug|iPhoneSimulator.Deploy.0 = Debug|Any CPU
		{3AA68DA9-4F34-48FE-98EF-8E895A1E9E24}.Debug|x64.ActiveCfg = Debug|Any CPU
		{3AA68DA9-4F34-48FE-98EF-8E895A1E9E24}.Debug|x64.Build.0 = Debug|Any CPU
		{3AA68DA9-4F34-48FE-98EF-8E895A1E9E24}.Debug|x64.Deploy.0 = Debug|Any CPU
		{3AA68DA9-4F34-48FE-98EF-8E895A1E9E24}.Debug|x86.ActiveCfg = Debug|Any CPU
		{3AA68DA9-4F34-48FE-98EF-8E895A1E9E24}.Debug|x86.Build.0 = Debug|Any CPU
		{3AA68DA9-4F34-48FE-98EF-8E895A1E9E24}.Debug|x86.Deploy.0 = Debug|Any CPU
		{3AA68DA9-4F34-48FE-98EF-8E895A1E9E24}.Release|Any CPU.ActiveCfg = Release|Any CPU
		{3AA68DA9-4F34-48FE-98EF-8E895A1E9E24}.Release|Any CPU.Build.0 = Release|Any CPU
		{3AA68DA9-4F34-48FE-98EF-8E895A1E9E24}.Release|Any CPU.Deploy.0 = Release|Any CPU
		{3AA68DA9-4F34-48FE-98EF-8E895A1E9E24}.Release|ARM.ActiveCfg = Release|Any CPU
		{3AA68DA9-4F34-48FE-98EF-8E895A1E9E24}.Release|ARM.Build.0 = Release|Any CPU
		{3AA68DA9-4F34-48FE-98EF-8E895A1E9E24}.Release|ARM.Deploy.0 = Release|Any CPU
		{3AA68DA9-4F34-48FE-98EF-8E895A1E9E24}.Release|iPhone.ActiveCfg = Release|Any CPU
		{3AA68DA9-4F34-48FE-98EF-8E895A1E9E24}.Release|iPhone.Build.0 = Release|Any CPU
		{3AA68DA9-4F34-48FE-98EF-8E895A1E9E24}.Release|iPhone.Deploy.0 = Release|Any CPU
		{3AA68DA9-4F34-48FE-98EF-8E895A1E9E24}.Release|iPhoneSimulator.ActiveCfg = Release|Any CPU
		{3AA68DA9-4F34-48FE-98EF-8E895A1E9E24}.Release|iPhoneSimulator.Build.0 = Release|Any CPU
		{3AA68DA9-4F34-48FE-98EF-8E895A1E9E24}.Release|iPhoneSimulator.Deploy.0 = Release|Any CPU
		{3AA68DA9-4F34-48FE-98EF-8E895A1E9E24}.Release|x64.ActiveCfg = Release|Any CPU
		{3AA68DA9-4F34-48FE-98EF-8E895A1E9E24}.Release|x64.Build.0 = Release|Any CPU
		{3AA68DA9-4F34-48FE-98EF-8E895A1E9E24}.Release|x64.Deploy.0 = Release|Any CPU
		{3AA68DA9-4F34-48FE-98EF-8E895A1E9E24}.Release|x86.ActiveCfg = Release|Any CPU
		{3AA68DA9-4F34-48FE-98EF-8E895A1E9E24}.Release|x86.Build.0 = Release|Any CPU
		{3AA68DA9-4F34-48FE-98EF-8E895A1E9E24}.Release|x86.Deploy.0 = Release|Any CPU
		{9081FEF8-4D5A-4432-BA25-681FE88D6148}.Debug|Any CPU.ActiveCfg = Debug|x64
		{9081FEF8-4D5A-4432-BA25-681FE88D6148}.Debug|Any CPU.Build.0 = Debug|x64
		{9081FEF8-4D5A-4432-BA25-681FE88D6148}.Debug|Any CPU.Deploy.0 = Debug|x64
		{9081FEF8-4D5A-4432-BA25-681FE88D6148}.Debug|ARM.ActiveCfg = Debug|ARM
		{9081FEF8-4D5A-4432-BA25-681FE88D6148}.Debug|ARM.Build.0 = Debug|ARM
		{9081FEF8-4D5A-4432-BA25-681FE88D6148}.Debug|ARM.Deploy.0 = Debug|ARM
		{9081FEF8-4D5A-4432-BA25-681FE88D6148}.Debug|iPhone.ActiveCfg = Debug|x64
		{9081FEF8-4D5A-4432-BA25-681FE88D6148}.Debug|iPhone.Build.0 = Debug|x64
		{9081FEF8-4D5A-4432-BA25-681FE88D6148}.Debug|iPhone.Deploy.0 = Debug|x64
		{9081FEF8-4D5A-4432-BA25-681FE88D6148}.Debug|iPhoneSimulator.ActiveCfg = Debug|x64
		{9081FEF8-4D5A-4432-BA25-681FE88D6148}.Debug|iPhoneSimulator.Build.0 = Debug|x64
		{9081FEF8-4D5A-4432-BA25-681FE88D6148}.Debug|iPhoneSimulator.Deploy.0 = Debug|x64
		{9081FEF8-4D5A-4432-BA25-681FE88D6148}.Debug|x64.ActiveCfg = Debug|x64
		{9081FEF8-4D5A-4432-BA25-681FE88D6148}.Debug|x64.Build.0 = Debug|x64
		{9081FEF8-4D5A-4432-BA25-681FE88D6148}.Debug|x64.Deploy.0 = Debug|x64
		{9081FEF8-4D5A-4432-BA25-681FE88D6148}.Debug|x86.ActiveCfg = Debug|x86
		{9081FEF8-4D5A-4432-BA25-681FE88D6148}.Debug|x86.Build.0 = Debug|x86
		{9081FEF8-4D5A-4432-BA25-681FE88D6148}.Debug|x86.Deploy.0 = Debug|x86
		{9081FEF8-4D5A-4432-BA25-681FE88D6148}.Release|Any CPU.ActiveCfg = Release|x64
		{9081FEF8-4D5A-4432-BA25-681FE88D6148}.Release|Any CPU.Build.0 = Release|x64
		{9081FEF8-4D5A-4432-BA25-681FE88D6148}.Release|Any CPU.Deploy.0 = Release|x64
		{9081FEF8-4D5A-4432-BA25-681FE88D6148}.Release|ARM.ActiveCfg = Release|ARM
		{9081FEF8-4D5A-4432-BA25-681FE88D6148}.Release|ARM.Build.0 = Release|ARM
		{9081FEF8-4D5A-4432-BA25-681FE88D6148}.Release|ARM.Deploy.0 = Release|ARM
		{9081FEF8-4D5A-4432-BA25-681FE88D6148}.Release|iPhone.ActiveCfg = Release|x64
		{9081FEF8-4D5A-4432-BA25-681FE88D6148}.Release|iPhone.Build.0 = Release|x64
		{9081FEF8-4D5A-4432-BA25-681FE88D6148}.Release|iPhone.Deploy.0 = Release|x64
		{9081FEF8-4D5A-4432-BA25-681FE88D6148}.Release|iPhoneSimulator.ActiveCfg = Release|x64
		{9081FEF8-4D5A-4432-BA25-681FE88D6148}.Release|iPhoneSimulator.Build.0 = Release|x64
		{9081FEF8-4D5A-4432-BA25-681FE88D6148}.Release|iPhoneSimulator.Deploy.0 = Release|x64
		{9081FEF8-4D5A-4432-BA25-681FE88D6148}.Release|x64.ActiveCfg = Release|x64
		{9081FEF8-4D5A-4432-BA25-681FE88D6148}.Release|x64.Build.0 = Release|x64
		{9081FEF8-4D5A-4432-BA25-681FE88D6148}.Release|x64.Deploy.0 = Release|x64
		{9081FEF8-4D5A-4432-BA25-681FE88D6148}.Release|x86.ActiveCfg = Release|x86
		{9081FEF8-4D5A-4432-BA25-681FE88D6148}.Release|x86.Build.0 = Release|x86
		{9081FEF8-4D5A-4432-BA25-681FE88D6148}.Release|x86.Deploy.0 = Release|x86
		{E6FED68E-AF68-4B62-BDC1-3AC3F3027A70}.Debug|Any CPU.ActiveCfg = Debug|x64
		{E6FED68E-AF68-4B62-BDC1-3AC3F3027A70}.Debug|Any CPU.Build.0 = Debug|x64
		{E6FED68E-AF68-4B62-BDC1-3AC3F3027A70}.Debug|Any CPU.Deploy.0 = Debug|x64
		{E6FED68E-AF68-4B62-BDC1-3AC3F3027A70}.Debug|ARM.ActiveCfg = Debug|ARM
		{E6FED68E-AF68-4B62-BDC1-3AC3F3027A70}.Debug|ARM.Build.0 = Debug|ARM
		{E6FED68E-AF68-4B62-BDC1-3AC3F3027A70}.Debug|ARM.Deploy.0 = Debug|ARM
		{E6FED68E-AF68-4B62-BDC1-3AC3F3027A70}.Debug|iPhone.ActiveCfg = Debug|x64
		{E6FED68E-AF68-4B62-BDC1-3AC3F3027A70}.Debug|iPhone.Build.0 = Debug|x64
		{E6FED68E-AF68-4B62-BDC1-3AC3F3027A70}.Debug|iPhone.Deploy.0 = Debug|x64
		{E6FED68E-AF68-4B62-BDC1-3AC3F3027A70}.Debug|iPhoneSimulator.ActiveCfg = Debug|x64
		{E6FED68E-AF68-4B62-BDC1-3AC3F3027A70}.Debug|iPhoneSimulator.Build.0 = Debug|x64
		{E6FED68E-AF68-4B62-BDC1-3AC3F3027A70}.Debug|iPhoneSimulator.Deploy.0 = Debug|x64
		{E6FED68E-AF68-4B62-BDC1-3AC3F3027A70}.Debug|x64.ActiveCfg = Debug|x64
		{E6FED68E-AF68-4B62-BDC1-3AC3F3027A70}.Debug|x64.Build.0 = Debug|x64
		{E6FED68E-AF68-4B62-BDC1-3AC3F3027A70}.Debug|x64.Deploy.0 = Debug|x64
		{E6FED68E-AF68-4B62-BDC1-3AC3F3027A70}.Debug|x86.ActiveCfg = Debug|x86
		{E6FED68E-AF68-4B62-BDC1-3AC3F3027A70}.Debug|x86.Build.0 = Debug|x86
		{E6FED68E-AF68-4B62-BDC1-3AC3F3027A70}.Debug|x86.Deploy.0 = Debug|x86
		{E6FED68E-AF68-4B62-BDC1-3AC3F3027A70}.Release|Any CPU.ActiveCfg = Release|x64
		{E6FED68E-AF68-4B62-BDC1-3AC3F3027A70}.Release|Any CPU.Build.0 = Release|x64
		{E6FED68E-AF68-4B62-BDC1-3AC3F3027A70}.Release|Any CPU.Deploy.0 = Release|x64
		{E6FED68E-AF68-4B62-BDC1-3AC3F3027A70}.Release|ARM.ActiveCfg = Release|ARM
		{E6FED68E-AF68-4B62-BDC1-3AC3F3027A70}.Release|ARM.Build.0 = Release|ARM
		{E6FED68E-AF68-4B62-BDC1-3AC3F3027A70}.Release|ARM.Deploy.0 = Release|ARM
		{E6FED68E-AF68-4B62-BDC1-3AC3F3027A70}.Release|iPhone.ActiveCfg = Release|x64
		{E6FED68E-AF68-4B62-BDC1-3AC3F3027A70}.Release|iPhone.Build.0 = Release|x64
		{E6FED68E-AF68-4B62-BDC1-3AC3F3027A70}.Release|iPhone.Deploy.0 = Release|x64
		{E6FED68E-AF68-4B62-BDC1-3AC3F3027A70}.Release|iPhoneSimulator.ActiveCfg = Release|x64
		{E6FED68E-AF68-4B62-BDC1-3AC3F3027A70}.Release|iPhoneSimulator.Build.0 = Release|x64
		{E6FED68E-AF68-4B62-BDC1-3AC3F3027A70}.Release|iPhoneSimulator.Deploy.0 = Release|x64
		{E6FED68E-AF68-4B62-BDC1-3AC3F3027A70}.Release|x64.ActiveCfg = Release|x64
		{E6FED68E-AF68-4B62-BDC1-3AC3F3027A70}.Release|x64.Build.0 = Release|x64
		{E6FED68E-AF68-4B62-BDC1-3AC3F3027A70}.Release|x64.Deploy.0 = Release|x64
		{E6FED68E-AF68-4B62-BDC1-3AC3F3027A70}.Release|x86.ActiveCfg = Release|x86
		{E6FED68E-AF68-4B62-BDC1-3AC3F3027A70}.Release|x86.Build.0 = Release|x86
		{E6FED68E-AF68-4B62-BDC1-3AC3F3027A70}.Release|x86.Deploy.0 = Release|x86
		{87D48005-64B1-43B7-AC76-C776312CAEA6}.Debug|Any CPU.ActiveCfg = Debug|Any CPU
		{87D48005-64B1-43B7-AC76-C776312CAEA6}.Debug|Any CPU.Build.0 = Debug|Any CPU
		{87D48005-64B1-43B7-AC76-C776312CAEA6}.Debug|ARM.ActiveCfg = Debug|Any CPU
		{87D48005-64B1-43B7-AC76-C776312CAEA6}.Debug|ARM.Build.0 = Debug|Any CPU
		{87D48005-64B1-43B7-AC76-C776312CAEA6}.Debug|iPhone.ActiveCfg = Debug|Any CPU
		{87D48005-64B1-43B7-AC76-C776312CAEA6}.Debug|iPhone.Build.0 = Debug|Any CPU
		{87D48005-64B1-43B7-AC76-C776312CAEA6}.Debug|iPhoneSimulator.ActiveCfg = Debug|Any CPU
		{87D48005-64B1-43B7-AC76-C776312CAEA6}.Debug|iPhoneSimulator.Build.0 = Debug|Any CPU
		{87D48005-64B1-43B7-AC76-C776312CAEA6}.Debug|x64.ActiveCfg = Debug|Any CPU
		{87D48005-64B1-43B7-AC76-C776312CAEA6}.Debug|x64.Build.0 = Debug|Any CPU
		{87D48005-64B1-43B7-AC76-C776312CAEA6}.Debug|x86.ActiveCfg = Debug|Any CPU
		{87D48005-64B1-43B7-AC76-C776312CAEA6}.Debug|x86.Build.0 = Debug|Any CPU
		{87D48005-64B1-43B7-AC76-C776312CAEA6}.Release|Any CPU.ActiveCfg = Release|Any CPU
		{87D48005-64B1-43B7-AC76-C776312CAEA6}.Release|Any CPU.Build.0 = Release|Any CPU
		{87D48005-64B1-43B7-AC76-C776312CAEA6}.Release|ARM.ActiveCfg = Release|Any CPU
		{87D48005-64B1-43B7-AC76-C776312CAEA6}.Release|ARM.Build.0 = Release|Any CPU
		{87D48005-64B1-43B7-AC76-C776312CAEA6}.Release|iPhone.ActiveCfg = Release|Any CPU
		{87D48005-64B1-43B7-AC76-C776312CAEA6}.Release|iPhone.Build.0 = Release|Any CPU
		{87D48005-64B1-43B7-AC76-C776312CAEA6}.Release|iPhoneSimulator.ActiveCfg = Release|Any CPU
		{87D48005-64B1-43B7-AC76-C776312CAEA6}.Release|iPhoneSimulator.Build.0 = Release|Any CPU
		{87D48005-64B1-43B7-AC76-C776312CAEA6}.Release|x64.ActiveCfg = Release|Any CPU
		{87D48005-64B1-43B7-AC76-C776312CAEA6}.Release|x64.Build.0 = Release|Any CPU
		{87D48005-64B1-43B7-AC76-C776312CAEA6}.Release|x86.ActiveCfg = Release|Any CPU
		{87D48005-64B1-43B7-AC76-C776312CAEA6}.Release|x86.Build.0 = Release|Any CPU
	EndGlobalSection
	GlobalSection(SolutionProperties) = preSolution
		HideSolutionNode = FALSE
	EndGlobalSection
	GlobalSection(ExtensibilityGlobals) = postSolution
		SolutionGuid = {98080BF8-CA61-4047-B455-CBAA4A640B20}
	EndGlobalSection
EndGlobal
