
Microsoft Visual Studio Solution File, Format Version 12.00
# Visual Studio Version 17
VisualStudioVersion = 17.6.33417.168
MinimumVisualStudioVersion = 10.0.40219.1
Project("{FAE04EC0-301F-11D3-BF4B-00C04F79EFBC}") = "MSFTBandApp.UWP", "MSFTBandApp\MSFTBandApp.UWP\MSFTBandApp.UWP.csproj", "{E0C59317-0C75-40D1-9427-0847FA947D50}"
EndProject
Project("{FAE04EC0-301F-11D3-BF4B-00C04F79EFBC}") = "MSFTBandApp.Droid", "MSFTBandApp\MSFTBandApp.Android\MSFTBandApp.Droid.csproj", "{9C38CAD6-5A52-4D2D-81F0-61A64F9316E4}"
EndProject
Project("{FAE04EC0-301F-11D3-BF4B-00C04F79EFBC}") = "MSFTBandApp.iOS", "MSFTBandApp\MSFTBandApp.iOS\MSFTBandApp.iOS.csproj", "{F488215B-E62D-4726-B7B6-E3F8BDB9E62F}"
EndProject
Project("{9A19103F-16F7-4668-BE54-9A1E7A4F7556}") = "MSFTBandApp", "MSFTBandApp\MSFTBandApp\MSFTBandApp.csproj", "{2A51DB76-748F-4223-BFDA-6AC9ED3EB32A}"
EndProject
Global
	GlobalSection(SolutionConfigurationPlatforms) = preSolution
		Debug|Any CPU = Debug|Any CPU
		Debug|ARM = Debug|ARM
		Debug|iPhone = Debug|iPhone
		Debug|iPhoneSimulator = Debug|iPhoneSimulator
		Debug|x64 = Debug|x64
		Debug|x86 = Debug|x86
		Release|Any CPU = Release|Any CPU
		Release|ARM = Release|ARM
		Release|iPhone = Release|iPhone
		Release|iPhoneSimulator = Release|iPhoneSimulator
		Release|x64 = Release|x64
		Release|x86 = Release|x86
	EndGlobalSection
	GlobalSection(ProjectConfigurationPlatforms) = postSolution
		{E0C59317-0C75-40D1-9427-0847FA947D50}.Debug|Any CPU.ActiveCfg = Debug|x64
		{E0C59317-0C75-40D1-9427-0847FA947D50}.Debug|Any CPU.Build.0 = Debug|x64
		{E0C59317-0C75-40D1-9427-0847FA947D50}.Debug|Any CPU.Deploy.0 = Debug|x64
		{E0C59317-0C75-40D1-9427-0847FA947D50}.Debug|ARM.ActiveCfg = Debug|ARM
		{E0C59317-0C75-40D1-9427-0847FA947D50}.Debug|ARM.Build.0 = Debug|ARM
		{E0C59317-0C75-40D1-9427-0847FA947D50}.Debug|ARM.Deploy.0 = Debug|ARM
		{E0C59317-0C75-40D1-9427-0847FA947D50}.Debug|iPhone.ActiveCfg = Debug|x64
		{E0C59317-0C75-40D1-9427-0847FA947D50}.Debug|iPhone.Build.0 = Debug|x64
		{E0C59317-0C75-40D1-9427-0847FA947D50}.Debug|iPhone.Deploy.0 = Debug|x64
		{E0C59317-0C75-40D1-9427-0847FA947D50}.Debug|iPhoneSimulator.ActiveCfg = Debug|x64
		{E0C59317-0C75-40D1-9427-0847FA947D50}.Debug|iPhoneSimulator.Build.0 = Debug|x64
		{E0C59317-0C75-40D1-9427-0847FA947D50}.Debug|iPhoneSimulator.Deploy.0 = Debug|x64
		{E0C59317-0C75-40D1-9427-0847FA947D50}.Debug|x64.ActiveCfg = Debug|x64
		{E0C59317-0C75-40D1-9427-0847FA947D50}.Debug|x64.Build.0 = Debug|x64
		{E0C59317-0C75-40D1-9427-0847FA947D50}.Debug|x64.Deploy.0 = Debug|x64
		{E0C59317-0C75-40D1-9427-0847FA947D50}.Debug|x86.ActiveCfg = Debug|x86
		{E0C59317-0C75-40D1-9427-0847FA947D50}.Debug|x86.Build.0 = Debug|x86
		{E0C59317-0C75-40D1-9427-0847FA947D50}.Debug|x86.Deploy.0 = Debug|x86
		{E0C59317-0C75-40D1-9427-0847FA947D50}.Release|Any CPU.ActiveCfg = Release|x64
		{E0C59317-0C75-40D1-9427-0847FA947D50}.Release|Any CPU.Build.0 = Release|x64
		{E0C59317-0C75-40D1-9427-0847FA947D50}.Release|Any CPU.Deploy.0 = Release|x64
		{E0C59317-0C75-40D1-9427-0847FA947D50}.Release|ARM.ActiveCfg = Release|ARM
		{E0C59317-0C75-40D1-9427-0847FA947D50}.Release|ARM.Build.0 = Release|ARM
		{E0C59317-0C75-40D1-9427-0847FA947D50}.Release|ARM.Deploy.0 = Release|ARM
		{E0C59317-0C75-40D1-9427-0847FA947D50}.Release|iPhone.ActiveCfg = Release|x64
		{E0C59317-0C75-40D1-9427-0847FA947D50}.Release|iPhone.Build.0 = Release|x64
		{E0C59317-0C75-40D1-9427-0847FA947D50}.Release|iPhone.Deploy.0 = Release|x64
		{E0C59317-0C75-40D1-9427-0847FA947D50}.Release|iPhoneSimulator.ActiveCfg = Release|x64
		{E0C59317-0C75-40D1-9427-0847FA947D50}.Release|iPhoneSimulator.Build.0 = Release|x64
		{E0C59317-0C75-40D1-9427-0847FA947D50}.Release|iPhoneSimulator.Deploy.0 = Release|x64
		{E0C59317-0C75-40D1-9427-0847FA947D50}.Release|x64.ActiveCfg = Release|x64
		{E0C59317-0C75-40D1-9427-0847FA947D50}.Release|x64.Build.0 = Release|x64
		{E0C59317-0C75-40D1-9427-0847FA947D50}.Release|x64.Deploy.0 = Release|x64
		{E0C59317-0C75-40D1-9427-0847FA947D50}.Release|x86.ActiveCfg = Release|x86
		{E0C59317-0C75-40D1-9427-0847FA947D50}.Release|x86.Build.0 = Release|x86
		{E0C59317-0C75-40D1-9427-0847FA947D50}.Release|x86.Deploy.0 = Release|x86
		{9C38CAD6-5A52-4D2D-81F0-61A64F9316E4}.Debug|Any CPU.ActiveCfg = Debug|Any CPU
		{9C38CAD6-5A52-4D2D-81F0-61A64F9316E4}.Debug|Any CPU.Build.0 = Debug|Any CPU
		{9C38CAD6-5A52-4D2D-81F0-61A64F9316E4}.Debug|Any CPU.Deploy.0 = Debug|Any CPU
		{9C38CAD6-5A52-4D2D-81F0-61A64F9316E4}.Debug|ARM.ActiveCfg = Debug|Any CPU
		{9C38CAD6-5A52-4D2D-81F0-61A64F9316E4}.Debug|ARM.Build.0 = Debug|Any CPU
		{9C38CAD6-5A52-4D2D-81F0-61A64F9316E4}.Debug|ARM.Deploy.0 = Debug|Any CPU
		{9C38CAD6-5A52-4D2D-81F0-61A64F9316E4}.Debug|iPhone.ActiveCfg = Debug|Any CPU
		{9C38CAD6-5A52-4D2D-81F0-61A64F9316E4}.Debug|iPhone.Build.0 = Debug|Any CPU
		{9C38CAD6-5A52-4D2D-81F0-61A64F9316E4}.Debug|iPhone.Deploy.0 = Debug|Any CPU
		{9C38CAD6-5A52-4D2D-81F0-61A64F9316E4}.Debug|iPhoneSimulator.ActiveCfg = Debug|Any CPU
		{9C38CAD6-5A52-4D2D-81F0-61A64F9316E4}.Debug|iPhoneSimulator.Build.0 = Debug|Any CPU
		{9C38CAD6-5A52-4D2D-81F0-61A64F9316E4}.Debug|iPhoneSimulator.Deploy.0 = Debug|Any CPU
		{9C38CAD6-5A52-4D2D-81F0-61A64F9316E4}.Debug|x64.ActiveCfg = Debug|Any CPU
		{9C38CAD6-5A52-4D2D-81F0-61A64F9316E4}.Debug|x64.Build.0 = Debug|Any CPU
		{9C38CAD6-5A52-4D2D-81F0-61A64F9316E4}.Debug|x64.Deploy.0 = Debug|Any CPU
		{9C38CAD6-5A52-4D2D-81F0-61A64F9316E4}.Debug|x86.ActiveCfg = Debug|Any CPU
		{9C38CAD6-5A52-4D2D-81F0-61A64F9316E4}.Debug|x86.Build.0 = Debug|Any CPU
		{9C38CAD6-5A52-4D2D-81F0-61A64F9316E4}.Debug|x86.Deploy.0 = Debug|Any CPU
		{9C38CAD6-5A52-4D2D-81F0-61A64F9316E4}.Release|Any CPU.ActiveCfg = Release|Any CPU
		{9C38CAD6-5A52-4D2D-81F0-61A64F9316E4}.Release|Any CPU.Build.0 = Release|Any CPU
		{9C38CAD6-5A52-4D2D-81F0-61A64F9316E4}.Release|Any CPU.Deploy.0 = Release|Any CPU
		{9C38CAD6-5A52-4D2D-81F0-61A64F9316E4}.Release|ARM.ActiveCfg = Release|Any CPU
		{9C38CAD6-5A52-4D2D-81F0-61A64F9316E4}.Release|ARM.Build.0 = Release|Any CPU
		{9C38CAD6-5A52-4D2D-81F0-61A64F9316E4}.Release|ARM.Deploy.0 = Release|Any CPU
		{9C38CAD6-5A52-4D2D-81F0-61A64F9316E4}.Release|iPhone.ActiveCfg = Release|Any CPU
		{9C38CAD6-5A52-4D2D-81F0-61A64F9316E4}.Release|iPhone.Build.0 = Release|Any CPU
		{9C38CAD6-5A52-4D2D-81F0-61A64F9316E4}.Release|iPhone.Deploy.0 = Release|Any CPU
		{9C38CAD6-5A52-4D2D-81F0-61A64F9316E4}.Release|iPhoneSimulator.ActiveCfg = Release|Any CPU
		{9C38CAD6-5A52-4D2D-81F0-61A64F9316E4}.Release|iPhoneSimulator.Build.0 = Release|Any CPU
		{9C38CAD6-5A52-4D2D-81F0-61A64F9316E4}.Release|iPhoneSimulator.Deploy.0 = Release|Any CPU
		{9C38CAD6-5A52-4D2D-81F0-61A64F9316E4}.Release|x64.ActiveCfg = Release|Any CPU
		{9C38CAD6-5A52-4D2D-81F0-61A64F9316E4}.Release|x64.Build.0 = Release|Any CPU
		{9C38CAD6-5A52-4D2D-81F0-61A64F9316E4}.Release|x64.Deploy.0 = Release|Any CPU
		{9C38CAD6-5A52-4D2D-81F0-61A64F9316E4}.Release|x86.ActiveCfg = Release|Any CPU
		{9C38CAD6-5A52-4D2D-81F0-61A64F9316E4}.Release|x86.Build.0 = Release|Any CPU
		{9C38CAD6-5A52-4D2D-81F0-61A64F9316E4}.Release|x86.Deploy.0 = Release|Any CPU
		{F488215B-E62D-4726-B7B6-E3F8BDB9E62F}.Debug|Any CPU.ActiveCfg = Debug|iPhoneSimulator
		{F488215B-E62D-4726-B7B6-E3F8BDB9E62F}.Debug|Any CPU.Build.0 = Debug|iPhoneSimulator
		{F488215B-E62D-4726-B7B6-E3F8BDB9E62F}.Debug|Any CPU.Deploy.0 = Debug|iPhoneSimulator
		{F488215B-E62D-4726-B7B6-E3F8BDB9E62F}.Debug|ARM.ActiveCfg = Debug|iPhoneSimulator
		{F488215B-E62D-4726-B7B6-E3F8BDB9E62F}.Debug|ARM.Build.0 = Debug|iPhoneSimulator
		{F488215B-E62D-4726-B7B6-E3F8BDB9E62F}.Debug|ARM.Deploy.0 = Debug|iPhoneSimulator
		{F488215B-E62D-4726-B7B6-E3F8BDB9E62F}.Debug|iPhone.ActiveCfg = Debug|iPhone
		{F488215B-E62D-4726-B7B6-E3F8BDB9E62F}.Debug|iPhone.Build.0 = Debug|iPhone
		{F488215B-E62D-4726-B7B6-E3F8BDB9E62F}.Debug|iPhone.Deploy.0 = Debug|iPhone
		{F488215B-E62D-4726-B7B6-E3F8BDB9E62F}.Debug|iPhoneSimulator.ActiveCfg = Debug|iPhoneSimulator
		{F488215B-E62D-4726-B7B6-E3F8BDB9E62F}.Debug|iPhoneSimulator.Build.0 = Debug|iPhoneSimulator
		{F488215B-E62D-4726-B7B6-E3F8BDB9E62F}.Debug|iPhoneSimulator.Deploy.0 = Debug|iPhoneSimulator
		{F488215B-E62D-4726-B7B6-E3F8BDB9E62F}.Debug|x64.ActiveCfg = Debug|iPhone
		{F488215B-E62D-4726-B7B6-E3F8BDB9E62F}.Debug|x64.Build.0 = Debug|iPhone
		{F488215B-E62D-4726-B7B6-E3F8BDB9E62F}.Debug|x64.Deploy.0 = Debug|iPhone
		{F488215B-E62D-4726-B7B6-E3F8BDB9E62F}.Debug|x86.ActiveCfg = Debug|iPhoneSimulator
		{F488215B-E62D-4726-B7B6-E3F8BDB9E62F}.Debug|x86.Build.0 = Debug|iPhoneSimulator
		{F488215B-E62D-4726-B7B6-E3F8BDB9E62F}.Debug|x86.Deploy.0 = Debug|iPhoneSimulator
		{F488215B-E62D-4726-B7B6-E3F8BDB9E62F}.Release|Any CPU.ActiveCfg = Release|iPhoneSimulator
		{F488215B-E62D-4726-B7B6-E3F8BDB9E62F}.Release|Any CPU.Build.0 = Release|iPhoneSimulator
		{F488215B-E62D-4726-B7B6-E3F8BDB9E62F}.Release|Any CPU.Deploy.0 = Release|iPhoneSimulator
		{F488215B-E62D-4726-B7B6-E3F8BDB9E62F}.Release|ARM.ActiveCfg = Release|iPhoneSimulator
		{F488215B-E62D-4726-B7B6-E3F8BDB9E62F}.Release|ARM.Build.0 = Release|iPhoneSimulator
		{F488215B-E62D-4726-B7B6-E3F8BDB9E62F}.Release|ARM.Deploy.0 = Release|iPhoneSimulator
		{F488215B-E62D-4726-B7B6-E3F8BDB9E62F}.Release|iPhone.ActiveCfg = Release|iPhone
		{F488215B-E62D-4726-B7B6-E3F8BDB9E62F}.Release|iPhone.Build.0 = Release|iPhone
		{F488215B-E62D-4726-B7B6-E3F8BDB9E62F}.Release|iPhone.Deploy.0 = Release|iPhone
		{F488215B-E62D-4726-B7B6-E3F8BDB9E62F}.Release|iPhoneSimulator.ActiveCfg = Release|iPhoneSimulator
		{F488215B-E62D-4726-B7B6-E3F8BDB9E62F}.Release|iPhoneSimulator.Build.0 = Release|iPhoneSimulator
		{F488215B-E62D-4726-B7B6-E3F8BDB9E62F}.Release|iPhoneSimulator.Deploy.0 = Release|iPhoneSimulator
		{F488215B-E62D-4726-B7B6-E3F8BDB9E62F}.Release|x64.ActiveCfg = Release|iPhoneSimulator
		{F488215B-E62D-4726-B7B6-E3F8BDB9E62F}.Release|x64.Build.0 = Release|iPhoneSimulator
		{F488215B-E62D-4726-B7B6-E3F8BDB9E62F}.Release|x64.Deploy.0 = Release|iPhoneSimulator
		{F488215B-E62D-4726-B7B6-E3F8BDB9E62F}.Release|x86.ActiveCfg = Release|iPhoneSimulator
		{F488215B-E62D-4726-B7B6-E3F8BDB9E62F}.Release|x86.Build.0 = Release|iPhoneSimulator
		{F488215B-E62D-4726-B7B6-E3F8BDB9E62F}.Release|x86.Deploy.0 = Release|iPhoneSimulator
		{2A51DB76-748F-4223-BFDA-6AC9ED3EB32A}.Debug|Any CPU.ActiveCfg = Debug|Any CPU
		{2A51DB76-748F-4223-BFDA-6AC9ED3EB32A}.Debug|Any CPU.Build.0 = Debug|Any CPU
		{2A51DB76-748F-4223-BFDA-6AC9ED3EB32A}.Debug|Any CPU.Deploy.0 = Debug|Any CPU
		{2A51DB76-748F-4223-BFDA-6AC9ED3EB32A}.Debug|ARM.ActiveCfg = Debug|Any CPU
		{2A51DB76-748F-4223-BFDA-6AC9ED3EB32A}.Debug|ARM.Build.0 = Debug|Any CPU
		{2A51DB76-748F-4223-BFDA-6AC9ED3EB32A}.Debug|ARM.Deploy.0 = Debug|Any CPU
		{2A51DB76-748F-4223-BFDA-6AC9ED3EB32A}.Debug|iPhone.ActiveCfg = Debug|Any CPU
		{2A51DB76-748F-4223-BFDA-6AC9ED3EB32A}.Debug|iPhone.Build.0 = Debug|Any CPU
		{2A51DB76-748F-4223-BFDA-6AC9ED3EB32A}.Debug|iPhone.Deploy.0 = Debug|Any CPU
		{2A51DB76-748F-4223-BFDA-6AC9ED3EB32A}.Debug|iPhoneSimulator.ActiveCfg = Debug|Any CPU
		{2A51DB76-748F-4223-BFDA-6AC9ED3EB32A}.Debug|iPhoneSimulator.Build.0 = Debug|Any CPU
		{2A51DB76-748F-4223-BFDA-6AC9ED3EB32A}.Debug|iPhoneSimulator.Deploy.0 = Debug|Any CPU
		{2A51DB76-748F-4223-BFDA-6AC9ED3EB32A}.Debug|x64.ActiveCfg = Debug|Any CPU
		{2A51DB76-748F-4223-BFDA-6AC9ED3EB32A}.Debug|x64.Build.0 = Debug|Any CPU
		{2A51DB76-748F-4223-BFDA-6AC9ED3EB32A}.Debug|x64.Deploy.0 = Debug|Any CPU
		{2A51DB76-748F-4223-BFDA-6AC9ED3EB32A}.Debug|x86.ActiveCfg = Debug|Any CPU
		{2A51DB76-748F-4223-BFDA-6AC9ED3EB32A}.Debug|x86.Build.0 = Debug|Any CPU
		{2A51DB76-748F-4223-BFDA-6AC9ED3EB32A}.Debug|x86.Deploy.0 = Debug|Any CPU
		{2A51DB76-748F-4223-BFDA-6AC9ED3EB32A}.Release|Any CPU.ActiveCfg = Release|Any CPU
		{2A51DB76-748F-4223-BFDA-6AC9ED3EB32A}.Release|Any CPU.Build.0 = Release|Any CPU
		{2A51DB76-748F-4223-BFDA-6AC9ED3EB32A}.Release|Any CPU.Deploy.0 = Release|Any CPU
		{2A51DB76-748F-4223-BFDA-6AC9ED3EB32A}.Release|ARM.ActiveCfg = Release|Any CPU
		{2A51DB76-748F-4223-BFDA-6AC9ED3EB32A}.Release|ARM.Build.0 = Release|Any CPU
		{2A51DB76-748F-4223-BFDA-6AC9ED3EB32A}.Release|ARM.Deploy.0 = Release|Any CPU
		{2A51DB76-748F-4223-BFDA-6AC9ED3EB32A}.Release|iPhone.ActiveCfg = Release|Any CPU
		{2A51DB76-748F-4223-BFDA-6AC9ED3EB32A}.Release|iPhone.Build.0 = Release|Any CPU
		{2A51DB76-748F-4223-BFDA-6AC9ED3EB32A}.Release|iPhone.Deploy.0 = Release|Any CPU
		{2A51DB76-748F-4223-BFDA-6AC9ED3EB32A}.Release|iPhoneSimulator.ActiveCfg = Release|Any CPU
		{2A51DB76-748F-4223-BFDA-6AC9ED3EB32A}.Release|iPhoneSimulator.Build.0 = Release|Any CPU
		{2A51DB76-748F-4223-BFDA-6AC9ED3EB32A}.Release|iPhoneSimulator.Deploy.0 = Release|Any CPU
		{2A51DB76-748F-4223-BFDA-6AC9ED3EB32A}.Release|x64.ActiveCfg = Release|Any CPU
		{2A51DB76-748F-4223-BFDA-6AC9ED3EB32A}.Release|x64.Build.0 = Release|Any CPU
		{2A51DB76-748F-4223-BFDA-6AC9ED3EB32A}.Release|x64.Deploy.0 = Release|Any CPU
		{2A51DB76-748F-4223-BFDA-6AC9ED3EB32A}.Release|x86.ActiveCfg = Release|Any CPU
		{2A51DB76-748F-4223-BFDA-6AC9ED3EB32A}.Release|x86.Build.0 = Release|Any CPU
		{2A51DB76-748F-4223-BFDA-6AC9ED3EB32A}.Release|x86.Deploy.0 = Release|Any CPU
	EndGlobalSection
	GlobalSection(SolutionProperties) = preSolution
		HideSolutionNode = FALSE
	EndGlobalSection
	GlobalSection(ExtensibilityGlobals) = postSolution
		SolutionGuid = {22724F04-BAD1-4606-A9EA-1D08E6D63EAE}
	EndGlobalSection
EndGlobal
