
Microsoft Visual Studio Solution File, Format Version 12.00
# Visual Studio Version 17
VisualStudioVersion = 17.6.33417.168
MinimumVisualStudioVersion = 10.0.40219.1
Project("{FAE04EC0-301F-11D3-BF4B-00C04F79EFBC}") = "MicrosoftBand.UWP", "MicrosoftBand\MicrosoftBand.UWP\MicrosoftBand.UWP.csproj", "{83618035-6155-4240-8CEF-C1517AD17C0F}"
EndProject
Project("{FAE04EC0-301F-11D3-BF4B-00C04F79EFBC}") = "MicrosoftBand.Android", "MicrosoftBand\MicrosoftBand.Android\MicrosoftBand.Android.csproj", "{4B6EE12C-68BE-4538-B969-144160ECAE41}"
EndProject
Project("{FAE04EC0-301F-11D3-BF4B-00C04F79EFBC}") = "MicrosoftBand.iOS", "MicrosoftBand\MicrosoftBand.iOS\MicrosoftBand.iOS.csproj", "{72EDB40B-C370-45F3-91DB-FEF9BAB82BFA}"
EndProject
Project("{FAE04EC0-301F-11D3-BF4B-00C04F79EFBC}") = "MicrosoftBand", "MicrosoftBand\MicrosoftBand\MicrosoftBand.csproj", "{75B4E6A2-D735-4CA1-852D-7156BBE8DA7A}"
EndProject
Global
	GlobalSection(SolutionConfigurationPlatforms) = preSolution
		Debug|Any CPU = Debug|Any CPU
		Debug|ARM = Debug|ARM
		Debug|iPhone = Debug|iPhone
		Debug|iPhoneSimulator = Debug|iPhoneSimulator
		Debug|x64 = Debug|x64
		Debug|x86 = Debug|x86
		Release|Any CPU = Release|Any CPU
		Release|ARM = Release|ARM
		Release|iPhone = Release|iPhone
		Release|iPhoneSimulator = Release|iPhoneSimulator
		Release|x64 = Release|x64
		Release|x86 = Release|x86
	EndGlobalSection
	GlobalSection(ProjectConfigurationPlatforms) = postSolution
		{83618035-6155-4240-8CEF-C1517AD17C0F}.Debug|Any CPU.ActiveCfg = Debug|x64
		{83618035-6155-4240-8CEF-C1517AD17C0F}.Debug|Any CPU.Build.0 = Debug|x64
		{83618035-6155-4240-8CEF-C1517AD17C0F}.Debug|Any CPU.Deploy.0 = Debug|x64
		{83618035-6155-4240-8CEF-C1517AD17C0F}.Debug|ARM.ActiveCfg = Debug|ARM
		{83618035-6155-4240-8CEF-C1517AD17C0F}.Debug|ARM.Build.0 = Debug|ARM
		{83618035-6155-4240-8CEF-C1517AD17C0F}.Debug|ARM.Deploy.0 = Debug|ARM
		{83618035-6155-4240-8CEF-C1517AD17C0F}.Debug|iPhone.ActiveCfg = Debug|x64
		{83618035-6155-4240-8CEF-C1517AD17C0F}.Debug|iPhone.Build.0 = Debug|x64
		{83618035-6155-4240-8CEF-C1517AD17C0F}.Debug|iPhone.Deploy.0 = Debug|x64
		{83618035-6155-4240-8CEF-C1517AD17C0F}.Debug|iPhoneSimulator.ActiveCfg = Debug|x64
		{83618035-6155-4240-8CEF-C1517AD17C0F}.Debug|iPhoneSimulator.Build.0 = Debug|x64
		{83618035-6155-4240-8CEF-C1517AD17C0F}.Debug|iPhoneSimulator.Deploy.0 = Debug|x64
		{83618035-6155-4240-8CEF-C1517AD17C0F}.Debug|x64.ActiveCfg = Debug|x64
		{83618035-6155-4240-8CEF-C1517AD17C0F}.Debug|x64.Build.0 = Debug|x64
		{83618035-6155-4240-8CEF-C1517AD17C0F}.Debug|x64.Deploy.0 = Debug|x64
		{83618035-6155-4240-8CEF-C1517AD17C0F}.Debug|x86.ActiveCfg = Debug|x86
		{83618035-6155-4240-8CEF-C1517AD17C0F}.Debug|x86.Build.0 = Debug|x86
		{83618035-6155-4240-8CEF-C1517AD17C0F}.Debug|x86.Deploy.0 = Debug|x86
		{83618035-6155-4240-8CEF-C1517AD17C0F}.Release|Any CPU.ActiveCfg = Release|x64
		{83618035-6155-4240-8CEF-C1517AD17C0F}.Release|Any CPU.Build.0 = Release|x64
		{83618035-6155-4240-8CEF-C1517AD17C0F}.Release|Any CPU.Deploy.0 = Release|x64
		{83618035-6155-4240-8CEF-C1517AD17C0F}.Release|ARM.ActiveCfg = Release|ARM
		{83618035-6155-4240-8CEF-C1517AD17C0F}.Release|ARM.Build.0 = Release|ARM
		{83618035-6155-4240-8CEF-C1517AD17C0F}.Release|ARM.Deploy.0 = Release|ARM
		{83618035-6155-4240-8CEF-C1517AD17C0F}.Release|iPhone.ActiveCfg = Release|x64
		{83618035-6155-4240-8CEF-C1517AD17C0F}.Release|iPhone.Build.0 = Release|x64
		{83618035-6155-4240-8CEF-C1517AD17C0F}.Release|iPhone.Deploy.0 = Release|x64
		{83618035-6155-4240-8CEF-C1517AD17C0F}.Release|iPhoneSimulator.ActiveCfg = Release|x64
		{83618035-6155-4240-8CEF-C1517AD17C0F}.Release|iPhoneSimulator.Build.0 = Release|x64
		{83618035-6155-4240-8CEF-C1517AD17C0F}.Release|iPhoneSimulator.Deploy.0 = Release|x64
		{83618035-6155-4240-8CEF-C1517AD17C0F}.Release|x64.ActiveCfg = Release|x64
		{83618035-6155-4240-8CEF-C1517AD17C0F}.Release|x64.Build.0 = Release|x64
		{83618035-6155-4240-8CEF-C1517AD17C0F}.Release|x64.Deploy.0 = Release|x64
		{83618035-6155-4240-8CEF-C1517AD17C0F}.Release|x86.ActiveCfg = Release|x86
		{83618035-6155-4240-8CEF-C1517AD17C0F}.Release|x86.Build.0 = Release|x86
		{83618035-6155-4240-8CEF-C1517AD17C0F}.Release|x86.Deploy.0 = Release|x86
		{4B6EE12C-68BE-4538-B969-144160ECAE41}.Debug|Any CPU.ActiveCfg = Debug|Any CPU
		{4B6EE12C-68BE-4538-B969-144160ECAE41}.Debug|Any CPU.Build.0 = Debug|Any CPU
		{4B6EE12C-68BE-4538-B969-144160ECAE41}.Debug|Any CPU.Deploy.0 = Debug|Any CPU
		{4B6EE12C-68BE-4538-B969-144160ECAE41}.Debug|ARM.ActiveCfg = Debug|Any CPU
		{4B6EE12C-68BE-4538-B969-144160ECAE41}.Debug|ARM.Build.0 = Debug|Any CPU
		{4B6EE12C-68BE-4538-B969-144160ECAE41}.Debug|ARM.Deploy.0 = Debug|Any CPU
		{4B6EE12C-68BE-4538-B969-144160ECAE41}.Debug|iPhone.ActiveCfg = Debug|Any CPU
		{4B6EE12C-68BE-4538-B969-144160ECAE41}.Debug|iPhone.Build.0 = Debug|Any CPU
		{4B6EE12C-68BE-4538-B969-144160ECAE41}.Debug|iPhone.Deploy.0 = Debug|Any CPU
		{4B6EE12C-68BE-4538-B969-144160ECAE41}.Debug|iPhoneSimulator.ActiveCfg = Debug|Any CPU
		{4B6EE12C-68BE-4538-B969-144160ECAE41}.Debug|iPhoneSimulator.Build.0 = Debug|Any CPU
		{4B6EE12C-68BE-4538-B969-144160ECAE41}.Debug|iPhoneSimulator.Deploy.0 = Debug|Any CPU
		{4B6EE12C-68BE-4538-B969-144160ECAE41}.Debug|x64.ActiveCfg = Debug|Any CPU
		{4B6EE12C-68BE-4538-B969-144160ECAE41}.Debug|x64.Build.0 = Debug|Any CPU
		{4B6EE12C-68BE-4538-B969-144160ECAE41}.Debug|x64.Deploy.0 = Debug|Any CPU
		{4B6EE12C-68BE-4538-B969-144160ECAE41}.Debug|x86.ActiveCfg = Debug|Any CPU
		{4B6EE12C-68BE-4538-B969-144160ECAE41}.Debug|x86.Build.0 = Debug|Any CPU
		{4B6EE12C-68BE-4538-B969-144160ECAE41}.Debug|x86.Deploy.0 = Debug|Any CPU
		{4B6EE12C-68BE-4538-B969-144160ECAE41}.Release|Any CPU.ActiveCfg = Release|Any CPU
		{4B6EE12C-68BE-4538-B969-144160ECAE41}.Release|Any CPU.Build.0 = Release|Any CPU
		{4B6EE12C-68BE-4538-B969-144160ECAE41}.Release|Any CPU.Deploy.0 = Release|Any CPU
		{4B6EE12C-68BE-4538-B969-144160ECAE41}.Release|ARM.ActiveCfg = Release|Any CPU
		{4B6EE12C-68BE-4538-B969-144160ECAE41}.Release|ARM.Build.0 = Release|Any CPU
		{4B6EE12C-68BE-4538-B969-144160ECAE41}.Release|ARM.Deploy.0 = Release|Any CPU
		{4B6EE12C-68BE-4538-B969-144160ECAE41}.Release|iPhone.ActiveCfg = Release|Any CPU
		{4B6EE12C-68BE-4538-B969-144160ECAE41}.Release|iPhone.Build.0 = Release|Any CPU
		{4B6EE12C-68BE-4538-B969-144160ECAE41}.Release|iPhone.Deploy.0 = Release|Any CPU
		{4B6EE12C-68BE-4538-B969-144160ECAE41}.Release|iPhoneSimulator.ActiveCfg = Release|Any CPU
		{4B6EE12C-68BE-4538-B969-144160ECAE41}.Release|iPhoneSimulator.Build.0 = Release|Any CPU
		{4B6EE12C-68BE-4538-B969-144160ECAE41}.Release|iPhoneSimulator.Deploy.0 = Release|Any CPU
		{4B6EE12C-68BE-4538-B969-144160ECAE41}.Release|x64.ActiveCfg = Release|Any CPU
		{4B6EE12C-68BE-4538-B969-144160ECAE41}.Release|x64.Build.0 = Release|Any CPU
		{4B6EE12C-68BE-4538-B969-144160ECAE41}.Release|x64.Deploy.0 = Release|Any CPU
		{4B6EE12C-68BE-4538-B969-144160ECAE41}.Release|x86.ActiveCfg = Release|Any CPU
		{4B6EE12C-68BE-4538-B969-144160ECAE41}.Release|x86.Build.0 = Release|Any CPU
		{4B6EE12C-68BE-4538-B969-144160ECAE41}.Release|x86.Deploy.0 = Release|Any CPU
		{72EDB40B-C370-45F3-91DB-FEF9BAB82BFA}.Debug|Any CPU.ActiveCfg = Debug|iPhoneSimulator
		{72EDB40B-C370-45F3-91DB-FEF9BAB82BFA}.Debug|Any CPU.Build.0 = Debug|iPhoneSimulator
		{72EDB40B-C370-45F3-91DB-FEF9BAB82BFA}.Debug|Any CPU.Deploy.0 = Debug|iPhoneSimulator
		{72EDB40B-C370-45F3-91DB-FEF9BAB82BFA}.Debug|ARM.ActiveCfg = Debug|iPhoneSimulator
		{72EDB40B-C370-45F3-91DB-FEF9BAB82BFA}.Debug|ARM.Build.0 = Debug|iPhoneSimulator
		{72EDB40B-C370-45F3-91DB-FEF9BAB82BFA}.Debug|ARM.Deploy.0 = Debug|iPhoneSimulator
		{72EDB40B-C370-45F3-91DB-FEF9BAB82BFA}.Debug|iPhone.ActiveCfg = Debug|iPhone
		{72EDB40B-C370-45F3-91DB-FEF9BAB82BFA}.Debug|iPhone.Build.0 = Debug|iPhone
		{72EDB40B-C370-45F3-91DB-FEF9BAB82BFA}.Debug|iPhone.Deploy.0 = Debug|iPhone
		{72EDB40B-C370-45F3-91DB-FEF9BAB82BFA}.Debug|iPhoneSimulator.ActiveCfg = Debug|iPhoneSimulator
		{72EDB40B-C370-45F3-91DB-FEF9BAB82BFA}.Debug|iPhoneSimulator.Build.0 = Debug|iPhoneSimulator
		{72EDB40B-C370-45F3-91DB-FEF9BAB82BFA}.Debug|iPhoneSimulator.Deploy.0 = Debug|iPhoneSimulator
		{72EDB40B-C370-45F3-91DB-FEF9BAB82BFA}.Debug|x64.ActiveCfg = Debug|iPhone
		{72EDB40B-C370-45F3-91DB-FEF9BAB82BFA}.Debug|x64.Build.0 = Debug|iPhone
		{72EDB40B-C370-45F3-91DB-FEF9BAB82BFA}.Debug|x64.Deploy.0 = Debug|iPhone
		{72EDB40B-C370-45F3-91DB-FEF9BAB82BFA}.Debug|x86.ActiveCfg = Debug|iPhoneSimulator
		{72EDB40B-C370-45F3-91DB-FEF9BAB82BFA}.Debug|x86.Build.0 = Debug|iPhoneSimulator
		{72EDB40B-C370-45F3-91DB-FEF9BAB82BFA}.Debug|x86.Deploy.0 = Debug|iPhoneSimulator
		{72EDB40B-C370-45F3-91DB-FEF9BAB82BFA}.Release|Any CPU.ActiveCfg = Release|iPhoneSimulator
		{72EDB40B-C370-45F3-91DB-FEF9BAB82BFA}.Release|Any CPU.Build.0 = Release|iPhoneSimulator
		{72EDB40B-C370-45F3-91DB-FEF9BAB82BFA}.Release|Any CPU.Deploy.0 = Release|iPhoneSimulator
		{72EDB40B-C370-45F3-91DB-FEF9BAB82BFA}.Release|ARM.ActiveCfg = Release|iPhoneSimulator
		{72EDB40B-C370-45F3-91DB-FEF9BAB82BFA}.Release|ARM.Build.0 = Release|iPhoneSimulator
		{72EDB40B-C370-45F3-91DB-FEF9BAB82BFA}.Release|ARM.Deploy.0 = Release|iPhoneSimulator
		{72EDB40B-C370-45F3-91DB-FEF9BAB82BFA}.Release|iPhone.ActiveCfg = Release|iPhone
		{72EDB40B-C370-45F3-91DB-FEF9BAB82BFA}.Release|iPhone.Build.0 = Release|iPhone
		{72EDB40B-C370-45F3-91DB-FEF9BAB82BFA}.Release|iPhone.Deploy.0 = Release|iPhone
		{72EDB40B-C370-45F3-91DB-FEF9BAB82BFA}.Release|iPhoneSimulator.ActiveCfg = Release|iPhoneSimulator
		{72EDB40B-C370-45F3-91DB-FEF9BAB82BFA}.Release|iPhoneSimulator.Build.0 = Release|iPhoneSimulator
		{72EDB40B-C370-45F3-91DB-FEF9BAB82BFA}.Release|iPhoneSimulator.Deploy.0 = Release|iPhoneSimulator
		{72EDB40B-C370-45F3-91DB-FEF9BAB82BFA}.Release|x64.ActiveCfg = Release|iPhoneSimulator
		{72EDB40B-C370-45F3-91DB-FEF9BAB82BFA}.Release|x64.Build.0 = Release|iPhoneSimulator
		{72EDB40B-C370-45F3-91DB-FEF9BAB82BFA}.Release|x64.Deploy.0 = Release|iPhoneSimulator
		{72EDB40B-C370-45F3-91DB-FEF9BAB82BFA}.Release|x86.ActiveCfg = Release|iPhoneSimulator
		{72EDB40B-C370-45F3-91DB-FEF9BAB82BFA}.Release|x86.Build.0 = Release|iPhoneSimulator
		{72EDB40B-C370-45F3-91DB-FEF9BAB82BFA}.Release|x86.Deploy.0 = Release|iPhoneSimulator
		{75B4E6A2-D735-4CA1-852D-7156BBE8DA7A}.Debug|Any CPU.ActiveCfg = Debug|Any CPU
		{75B4E6A2-D735-4CA1-852D-7156BBE8DA7A}.Debug|Any CPU.Build.0 = Debug|Any CPU
		{75B4E6A2-D735-4CA1-852D-7156BBE8DA7A}.Debug|Any CPU.Deploy.0 = Debug|Any CPU
		{75B4E6A2-D735-4CA1-852D-7156BBE8DA7A}.Debug|ARM.ActiveCfg = Debug|Any CPU
		{75B4E6A2-D735-4CA1-852D-7156BBE8DA7A}.Debug|ARM.Build.0 = Debug|Any CPU
		{75B4E6A2-D735-4CA1-852D-7156BBE8DA7A}.Debug|ARM.Deploy.0 = Debug|Any CPU
		{75B4E6A2-D735-4CA1-852D-7156BBE8DA7A}.Debug|iPhone.ActiveCfg = Debug|Any CPU
		{75B4E6A2-D735-4CA1-852D-7156BBE8DA7A}.Debug|iPhone.Build.0 = Debug|Any CPU
		{75B4E6A2-D735-4CA1-852D-7156BBE8DA7A}.Debug|iPhone.Deploy.0 = Debug|Any CPU
		{75B4E6A2-D735-4CA1-852D-7156BBE8DA7A}.Debug|iPhoneSimulator.ActiveCfg = Debug|Any CPU
		{75B4E6A2-D735-4CA1-852D-7156BBE8DA7A}.Debug|iPhoneSimulator.Build.0 = Debug|Any CPU
		{75B4E6A2-D735-4CA1-852D-7156BBE8DA7A}.Debug|iPhoneSimulator.Deploy.0 = Debug|Any CPU
		{75B4E6A2-D735-4CA1-852D-7156BBE8DA7A}.Debug|x64.ActiveCfg = Debug|Any CPU
		{75B4E6A2-D735-4CA1-852D-7156BBE8DA7A}.Debug|x64.Build.0 = Debug|Any CPU
		{75B4E6A2-D735-4CA1-852D-7156BBE8DA7A}.Debug|x64.Deploy.0 = Debug|Any CPU
		{75B4E6A2-D735-4CA1-852D-7156BBE8DA7A}.Debug|x86.ActiveCfg = Debug|Any CPU
		{75B4E6A2-D735-4CA1-852D-7156BBE8DA7A}.Debug|x86.Build.0 = Debug|Any CPU
		{75B4E6A2-D735-4CA1-852D-7156BBE8DA7A}.Debug|x86.Deploy.0 = Debug|Any CPU
		{75B4E6A2-D735-4CA1-852D-7156BBE8DA7A}.Release|Any CPU.ActiveCfg = Release|Any CPU
		{75B4E6A2-D735-4CA1-852D-7156BBE8DA7A}.Release|Any CPU.Build.0 = Release|Any CPU
		{75B4E6A2-D735-4CA1-852D-7156BBE8DA7A}.Release|Any CPU.Deploy.0 = Release|Any CPU
		{75B4E6A2-D735-4CA1-852D-7156BBE8DA7A}.Release|ARM.ActiveCfg = Release|Any CPU
		{75B4E6A2-D735-4CA1-852D-7156BBE8DA7A}.Release|ARM.Build.0 = Release|Any CPU
		{75B4E6A2-D735-4CA1-852D-7156BBE8DA7A}.Release|ARM.Deploy.0 = Release|Any CPU
		{75B4E6A2-D735-4CA1-852D-7156BBE8DA7A}.Release|iPhone.ActiveCfg = Release|Any CPU
		{75B4E6A2-D735-4CA1-852D-7156BBE8DA7A}.Release|iPhone.Build.0 = Release|Any CPU
		{75B4E6A2-D735-4CA1-852D-7156BBE8DA7A}.Release|iPhone.Deploy.0 = Release|Any CPU
		{75B4E6A2-D735-4CA1-852D-7156BBE8DA7A}.Release|iPhoneSimulator.ActiveCfg = Release|Any CPU
		{75B4E6A2-D735-4CA1-852D-7156BBE8DA7A}.Release|iPhoneSimulator.Build.0 = Release|Any CPU
		{75B4E6A2-D735-4CA1-852D-7156BBE8DA7A}.Release|iPhoneSimulator.Deploy.0 = Release|Any CPU
		{75B4E6A2-D735-4CA1-852D-7156BBE8DA7A}.Release|x64.ActiveCfg = Release|Any CPU
		{75B4E6A2-D735-4CA1-852D-7156BBE8DA7A}.Release|x64.Build.0 = Release|Any CPU
		{75B4E6A2-D735-4CA1-852D-7156BBE8DA7A}.Release|x64.Deploy.0 = Release|Any CPU
		{75B4E6A2-D735-4CA1-852D-7156BBE8DA7A}.Release|x86.ActiveCfg = Release|Any CPU
		{75B4E6A2-D735-4CA1-852D-7156BBE8DA7A}.Release|x86.Build.0 = Release|Any CPU
		{75B4E6A2-D735-4CA1-852D-7156BBE8DA7A}.Release|x86.Deploy.0 = Release|Any CPU
	EndGlobalSection
	GlobalSection(SolutionProperties) = preSolution
		HideSolutionNode = FALSE
	EndGlobalSection
	GlobalSection(ExtensibilityGlobals) = postSolution
		SolutionGuid = {47595FA7-6B29-4163-9C89-FC60092F6D4C}
	EndGlobalSection
EndGlobal
